// !$*UTF8*$!
{
	archiveVersion = 1;
	classes = {
	};
	objectVersion = 44;
	objects = {

/* Begin PBXBuildFile section */
		8DD76F6A0486A84900D96B5E /* CS184-Pinball.1 in CopyFiles */ = {isa = PBXBuildFile; fileRef = C6859E8B029090EE04C91782 /* CS184-Pinball.1 */; };
		93F32D8F114720A3002C900A /* GLUT.framework in Frameworks */ = {isa = PBXBuildFile; fileRef = 93F32D8E114720A3002C900A /* GLUT.framework */; };
		93F32D91114720A3002C900A /* OpenGL.framework in Frameworks */ = {isa = PBXBuildFile; fileRef = 93F32D90114720A3002C900A /* OpenGL.framework */; };
		93F32DDB11472116002C900A /* Image.cpp in Sources */ = {isa = PBXBuildFile; fileRef = 93F32DC111472116002C900A /* Image.cpp */; };
		93F32DDC11472116002C900A /* main.cpp in Sources */ = {isa = PBXBuildFile; fileRef = 93F32DC311472116002C900A /* main.cpp */; };
		93F32DDD11472116002C900A /* nv_algebra.cpp in Sources */ = {isa = PBXBuildFile; fileRef = 93F32DC511472116002C900A /* nv_algebra.cpp */; };
		93F32DDE11472116002C900A /* NVMeshMender.cpp in Sources */ = {isa = PBXBuildFile; fileRef = 93F32DCA11472116002C900A /* NVMeshMender.cpp */; };
		93F32DDF11472116002C900A /* nvMeshPreprocessor.cpp in Sources */ = {isa = PBXBuildFile; fileRef = 93F32DCC11472116002C900A /* nvMeshPreprocessor.cpp */; };
		93F32DE011472116002C900A /* nvObjIO.cpp in Sources */ = {isa = PBXBuildFile; fileRef = 93F32DCE11472116002C900A /* nvObjIO.cpp */; };
		93F32DE111472116002C900A /* nvObjReader.cpp in Sources */ = {isa = PBXBuildFile; fileRef = 93F32DD011472116002C900A /* nvObjReader.cpp */; };
		93F32DE211472116002C900A /* objload.cpp in Sources */ = {isa = PBXBuildFile; fileRef = 93F32DD211472116002C900A /* objload.cpp */; };
		93F32DE311472116002C900A /* TGAimage.cpp in Sources */ = {isa = PBXBuildFile; fileRef = 93F32DD511472116002C900A /* TGAimage.cpp */; };
		93F32DE411472116002C900A /* Transform.cpp in Sources */ = {isa = PBXBuildFile; fileRef = 93F32DD711472116002C900A /* Transform.cpp */; };
/* End PBXBuildFile section */

/* Begin PBXCopyFilesBuildPhase section */
		8DD76F690486A84900D96B5E /* CopyFiles */ = {
			isa = PBXCopyFilesBuildPhase;
			buildActionMask = 8;
			dstPath = /usr/share/man/man1/;
			dstSubfolderSpec = 0;
			files = (
				8DD76F6A0486A84900D96B5E /* CS184-Pinball.1 in CopyFiles */,
			);
			runOnlyForDeploymentPostprocessing = 1;
		};
/* End PBXCopyFilesBuildPhase section */

/* Begin PBXFileReference section */
		8DD76F6C0486A84900D96B5E /* CS184-Pinball */ = {isa = PBXFileReference; explicitFileType = "compiled.mach-o.executable"; includeInIndex = 0; path = "CS184-Pinball"; sourceTree = BUILT_PRODUCTS_DIR; };
		93F32D8E114720A3002C900A /* GLUT.framework */ = {isa = PBXFileReference; lastKnownFileType = wrapper.framework; name = GLUT.framework; path = System/Library/Frameworks/GLUT.framework; sourceTree = SDKROOT; };
		93F32D90114720A3002C900A /* OpenGL.framework */ = {isa = PBXFileReference; lastKnownFileType = wrapper.framework; name = OpenGL.framework; path = System/Library/Frameworks/OpenGL.framework; sourceTree = SDKROOT; };
		93F32DB711472115002C900A /* 3dto3d.exe */ = {isa = PBXFileReference; lastKnownFileType = file; path = 3dto3d.exe; sourceTree = "<group>"; };
		93F32DB811472116002C900A /* cat.obj */ = {isa = PBXFileReference; fileEncoding = 4; lastKnownFileType = text; path = cat.obj; sourceTree = "<group>"; };
		93F32DBC11472116002C900A /* glut32.dll */ = {isa = PBXFileReference; lastKnownFileType = file; path = glut32.dll; sourceTree = "<group>"; };
		93F32DBD11472116002C900A /* graphman.zip */ = {isa = PBXFileReference; lastKnownFileType = archive.zip; path = graphman.zip; sourceTree = "<group>"; };
		93F32DBE11472116002C900A /* hw3.sln */ = {isa = PBXFileReference; fileEncoding = 4; lastKnownFileType = text; path = hw3.sln; sourceTree = "<group>"; };
		93F32DBF11472116002C900A /* hw3.suo */ = {isa = PBXFileReference; lastKnownFileType = file; path = hw3.suo; sourceTree = "<group>"; };
		93F32DC011472116002C900A /* hw3.vcproj */ = {isa = PBXFileReference; fileEncoding = 4; lastKnownFileType = text.xml; path = hw3.vcproj; sourceTree = "<group>"; };
		93F32DC111472116002C900A /* Image.cpp */ = {isa = PBXFileReference; fileEncoding = 4; lastKnownFileType = sourcecode.cpp.cpp; path = Image.cpp; sourceTree = "<group>"; };
		93F32DC211472116002C900A /* Image.h */ = {isa = PBXFileReference; fileEncoding = 4; lastKnownFileType = sourcecode.c.h; path = Image.h; sourceTree = "<group>"; };
		93F32DC311472116002C900A /* main.cpp */ = {isa = PBXFileReference; fileEncoding = 4; lastKnownFileType = sourcecode.cpp.cpp; path = main.cpp; sourceTree = "<group>"; };
		93F32DC511472116002C900A /* nv_algebra.cpp */ = {isa = PBXFileReference; fileEncoding = 4; lastKnownFileType = sourcecode.cpp.cpp; path = nv_algebra.cpp; sourceTree = "<group>"; };
		93F32DC611472116002C900A /* nv_algebra.h */ = {isa = PBXFileReference; fileEncoding = 4; lastKnownFileType = sourcecode.c.h; path = nv_algebra.h; sourceTree = "<group>"; };
		93F32DC711472116002C900A /* nv_math.h */ = {isa = PBXFileReference; fileEncoding = 4; lastKnownFileType = sourcecode.c.h; path = nv_math.h; sourceTree = "<group>"; };
		93F32DC811472116002C900A /* nv_mathdecl.h */ = {isa = PBXFileReference; fileEncoding = 4; lastKnownFileType = sourcecode.c.h; path = nv_mathdecl.h; sourceTree = "<group>"; };
		93F32DC911472116002C900A /* nvMeshIO.h */ = {isa = PBXFileReference; fileEncoding = 4; lastKnownFileType = sourcecode.c.h; path = nvMeshIO.h; sourceTree = "<group>"; };
		93F32DCA11472116002C900A /* NVMeshMender.cpp */ = {isa = PBXFileReference; fileEncoding = 4; lastKnownFileType = sourcecode.cpp.cpp; path = NVMeshMender.cpp; sourceTree = "<group>"; };
		93F32DCB11472116002C900A /* NVMeshMender.h */ = {isa = PBXFileReference; fileEncoding = 4; lastKnownFileType = sourcecode.c.h; path = NVMeshMender.h; sourceTree = "<group>"; };
		93F32DCC11472116002C900A /* nvMeshPreprocessor.cpp */ = {isa = PBXFileReference; fileEncoding = 4; lastKnownFileType = sourcecode.cpp.cpp; path = nvMeshPreprocessor.cpp; sourceTree = "<group>"; };
		93F32DCD11472116002C900A /* nvMeshPreprocessor.h */ = {isa = PBXFileReference; fileEncoding = 4; lastKnownFileType = sourcecode.c.h; path = nvMeshPreprocessor.h; sourceTree = "<group>"; };
		93F32DCE11472116002C900A /* nvObjIO.cpp */ = {isa = PBXFileReference; fileEncoding = 4; lastKnownFileType = sourcecode.cpp.cpp; path = nvObjIO.cpp; sourceTree = "<group>"; };
		93F32DCF11472116002C900A /* nvObjIO.h */ = {isa = PBXFileReference; fileEncoding = 4; lastKnownFileType = sourcecode.c.h; path = nvObjIO.h; sourceTree = "<group>"; };
		93F32DD011472116002C900A /* nvObjReader.cpp */ = {isa = PBXFileReference; fileEncoding = 4; lastKnownFileType = sourcecode.cpp.cpp; path = nvObjReader.cpp; sourceTree = "<group>"; };
		93F32DD111472116002C900A /* nvObjReader.h */ = {isa = PBXFileReference; fileEncoding = 4; lastKnownFileType = sourcecode.c.h; path = nvObjReader.h; sourceTree = "<group>"; };
		93F32DD211472116002C900A /* objload.cpp */ = {isa = PBXFileReference; fileEncoding = 4; lastKnownFileType = sourcecode.cpp.cpp; path = objload.cpp; sourceTree = "<group>"; };
		93F32DD311472116002C900A /* objload.h */ = {isa = PBXFileReference; fileEncoding = 4; lastKnownFileType = sourcecode.c.h; path = objload.h; sourceTree = "<group>"; };
		93F32DD411472116002C900A /* texture.tga */ = {isa = PBXFileReference; lastKnownFileType = file; path = texture.tga; sourceTree = "<group>"; };
		93F32DD511472116002C900A /* TGAimage.cpp */ = {isa = PBXFileReference; fileEncoding = 4; lastKnownFileType = sourcecode.cpp.cpp; path = TGAimage.cpp; sourceTree = "<group>"; };
		93F32DD611472116002C900A /* TGAimage.h */ = {isa = PBXFileReference; fileEncoding = 4; lastKnownFileType = sourcecode.c.h; path = TGAimage.h; sourceTree = "<group>"; };
		93F32DD711472116002C900A /* Transform.cpp */ = {isa = PBXFileReference; fileEncoding = 4; lastKnownFileType = sourcecode.cpp.cpp; path = Transform.cpp; sourceTree = "<group>"; };
		93F32DD811472116002C900A /* Transform.h */ = {isa = PBXFileReference; fileEncoding = 4; lastKnownFileType = sourcecode.c.h; path = Transform.h; sourceTree = "<group>"; };
		93F32E6711475015002C900A /* Ramp.obj */ = {isa = PBXFileReference; fileEncoding = 4; lastKnownFileType = text; path = Ramp.obj; sourceTree = "<group>"; };
		C6859E8B029090EE04C91782 /* CS184-Pinball.1 */ = {isa = PBXFileReference; lastKnownFileType = text.man; path = "CS184-Pinball.1"; sourceTree = "<group>"; };
/* End PBXFileReference section */

/* Begin PBXFrameworksBuildPhase section */
		8DD76F660486A84900D96B5E /* Frameworks */ = {
			isa = PBXFrameworksBuildPhase;
			buildActionMask = 2147483647;
			files = (
				93F32D8F114720A3002C900A /* GLUT.framework in Frameworks */,
				93F32D91114720A3002C900A /* OpenGL.framework in Frameworks */,
			);
			runOnlyForDeploymentPostprocessing = 0;
		};
/* End PBXFrameworksBuildPhase section */

/* Begin PBXGroup section */
		08FB7794FE84155DC02AAC07 /* CS184-Pinball */ = {
			isa = PBXGroup;
			children = (
				93F32DE61147218D002C900A /* Resources */,
				93F32DE51147213E002C900A /* Other */,
				93F32D8E114720A3002C900A /* GLUT.framework */,
				93F32D90114720A3002C900A /* OpenGL.framework */,
				08FB7795FE84155DC02AAC07 /* Source */,
				C6859E8C029090F304C91782 /* Documentation */,
				1AB674ADFE9D54B511CA2CBB /* Products */,
			);
			name = "CS184-Pinball";
			sourceTree = "<group>";
		};
		08FB7795FE84155DC02AAC07 /* Source */ = {
			isa = PBXGroup;
			children = (
				93F32DC111472116002C900A /* Image.cpp */,
				93F32DC211472116002C900A /* Image.h */,
				93F32DC311472116002C900A /* main.cpp */,
				93F32DC411472116002C900A /* nv */,
				93F32DD511472116002C900A /* TGAimage.cpp */,
				93F32DD611472116002C900A /* TGAimage.h */,
				93F32DD711472116002C900A /* Transform.cpp */,
				93F32DD811472116002C900A /* Transform.h */,
			);
			name = Source;
			sourceTree = "<group>";
		};
		1AB674ADFE9D54B511CA2CBB /* Products */ = {
			isa = PBXGroup;
			children = (
				8DD76F6C0486A84900D96B5E /* CS184-Pinball */,
			);
			name = Products;
			sourceTree = "<group>";
		};
		93F32DC411472116002C900A /* nv */ = {
			isa = PBXGroup;
			children = (
				93F32DC511472116002C900A /* nv_algebra.cpp */,
				93F32DC611472116002C900A /* nv_algebra.h */,
				93F32DC711472116002C900A /* nv_math.h */,
				93F32DC811472116002C900A /* nv_mathdecl.h */,
				93F32DC911472116002C900A /* nvMeshIO.h */,
				93F32DCA11472116002C900A /* NVMeshMender.cpp */,
				93F32DCB11472116002C900A /* NVMeshMender.h */,
				93F32DCC11472116002C900A /* nvMeshPreprocessor.cpp */,
				93F32DCD11472116002C900A /* nvMeshPreprocessor.h */,
				93F32DCE11472116002C900A /* nvObjIO.cpp */,
				93F32DCF11472116002C900A /* nvObjIO.h */,
				93F32DD011472116002C900A /* nvObjReader.cpp */,
				93F32DD111472116002C900A /* nvObjReader.h */,
				93F32DD211472116002C900A /* objload.cpp */,
				93F32DD311472116002C900A /* objload.h */,
			);
			path = nv;
			sourceTree = "<group>";
		};
		93F32DE51147213E002C900A /* Other */ = {
			isa = PBXGroup;
			children = (
				93F32DBF11472116002C900A /* hw3.suo */,
				93F32DC011472116002C900A /* hw3.vcproj */,
				93F32DB711472115002C900A /* 3dto3d.exe */,
				93F32DBE11472116002C900A /* hw3.sln */,
				93F32DBC11472116002C900A /* glut32.dll */,
				93F32DBD11472116002C900A /* graphman.zip */,
			);
			name = Other;
			sourceTree = "<group>";
		};
		93F32DE61147218D002C900A /* Resources */ = {
			isa = PBXGroup;
			children = (
				93F32E6711475015002C900A /* Ramp.obj */,
				93F32DD411472116002C900A /* texture.tga */,
				93F32DB811472116002C900A /* cat.obj */,
			);
			name = Resources;
			sourceTree = "<group>";
		};
		C6859E8C029090F304C91782 /* Documentation */ = {
			isa = PBXGroup;
			children = (
				C6859E8B029090EE04C91782 /* CS184-Pinball.1 */,
			);
			name = Documentation;
			sourceTree = "<group>";
		};
/* End PBXGroup section */

/* Begin PBXNativeTarget section */
		8DD76F620486A84900D96B5E /* CS184-Pinball */ = {
			isa = PBXNativeTarget;
			buildConfigurationList = 1DEB923108733DC60010E9CD /* Build configuration list for PBXNativeTarget "CS184-Pinball" */;
			buildPhases = (
				8DD76F640486A84900D96B5E /* Sources */,
				8DD76F660486A84900D96B5E /* Frameworks */,
				8DD76F690486A84900D96B5E /* CopyFiles */,
			);
			buildRules = (
			);
			dependencies = (
			);
			name = "CS184-Pinball";
			productInstallPath = "$(HOME)/bin";
			productName = "CS184-Pinball";
			productReference = 8DD76F6C0486A84900D96B5E /* CS184-Pinball */;
			productType = "com.apple.product-type.tool";
		};
/* End PBXNativeTarget section */

/* Begin PBXProject section */
		08FB7793FE84155DC02AAC07 /* Project object */ = {
			isa = PBXProject;
			buildConfigurationList = 1DEB923508733DC60010E9CD /* Build configuration list for PBXProject "CS184-Pinball" */;
			compatibilityVersion = "Xcode 3.0";
			hasScannedForEncodings = 1;
			mainGroup = 08FB7794FE84155DC02AAC07 /* CS184-Pinball */;
			projectDirPath = "";
			projectRoot = "";
			targets = (
				8DD76F620486A84900D96B5E /* CS184-Pinball */,
			);
		};
/* End PBXProject section */

/* Begin PBXSourcesBuildPhase section */
		8DD76F640486A84900D96B5E /* Sources */ = {
			isa = PBXSourcesBuildPhase;
			buildActionMask = 2147483647;
			files = (
				93F32DDB11472116002C900A /* Image.cpp in Sources */,
				93F32DDC11472116002C900A /* main.cpp in Sources */,
				93F32DDD11472116002C900A /* nv_algebra.cpp in Sources */,
				93F32DDE11472116002C900A /* NVMeshMender.cpp in Sources */,
				93F32DDF11472116002C900A /* nvMeshPreprocessor.cpp in Sources */,
				93F32DE011472116002C900A /* nvObjIO.cpp in Sources */,
				93F32DE111472116002C900A /* nvObjReader.cpp in Sources */,
				93F32DE211472116002C900A /* objload.cpp in Sources */,
				93F32DE311472116002C900A /* TGAimage.cpp in Sources */,
				93F32DE411472116002C900A /* Transform.cpp in Sources */,
			);
			runOnlyForDeploymentPostprocessing = 0;
		};
/* End PBXSourcesBuildPhase section */

/* Begin XCBuildConfiguration section */
		1DEB923208733DC60010E9CD /* Debug */ = {
			isa = XCBuildConfiguration;
			buildSettings = {
				COPY_PHASE_STRIP = NO;
				GCC_DYNAMIC_NO_PIC = NO;
				GCC_ENABLE_FIX_AND_CONTINUE = YES;
				GCC_MODEL_TUNING = G5;
				GCC_OPTIMIZATION_LEVEL = 0;
				GCC_PREPROCESSOR_DEFINITIONS = (
					"_GLIBCXX_DEBUG=1",
					"_GLIBCXX_DEBUG_PEDANTIC=1",
				);
				INSTALL_PATH = /usr/local/bin;
				LIBRARY_SEARCH_PATHS = (
					"$(inherited)",
					"\"$(SRCROOT)/gl\"",
				);
				PRODUCT_NAME = "CS184-Pinball";
				ZERO_LINK = YES;
			};
			name = Debug;
		};
		1DEB923308733DC60010E9CD /* Release */ = {
			isa = XCBuildConfiguration;
			buildSettings = {
				DEBUG_INFORMATION_FORMAT = "dwarf-with-dsym";
				GCC_MODEL_TUNING = G5;
				INSTALL_PATH = /usr/local/bin;
				LIBRARY_SEARCH_PATHS = (
					"$(inherited)",
					"\"$(SRCROOT)/gl\"",
				);
				PRODUCT_NAME = "CS184-Pinball";
			};
			name = Release;
		};
		1DEB923608733DC60010E9CD /* Debug */ = {
			isa = XCBuildConfiguration;
			buildSettings = {
				GCC_WARN_ABOUT_RETURN_TYPE = YES;
				GCC_WARN_UNUSED_VARIABLE = YES;
				PREBINDING = NO;
				SDKROOT = "$(DEVELOPER_SDK_DIR)/MacOSX10.5.sdk";
			};
			name = Debug;
		};
		1DEB923708733DC60010E9CD /* Release */ = {
			isa = XCBuildConfiguration;
			buildSettings = {
				ARCHS = (
					ppc,
					i386,
				);
				GCC_WARN_ABOUT_RETURN_TYPE = YES;
				GCC_WARN_UNUSED_VARIABLE = YES;
				PREBINDING = NO;
				SDKROOT = "$(DEVELOPER_SDK_DIR)/MacOSX10.5.sdk";
			};
			name = Release;
		};
/* End XCBuildConfiguration section */

/* Begin XCConfigurationList section */
		1DEB923108733DC60010E9CD /* Build configuration list for PBXNativeTarget "CS184-Pinball" */ = {
			isa = XCConfigurationList;
			buildConfigurations = (
				1DEB923208733DC60010E9CD /* Debug */,
				1DEB923308733DC60010E9CD /* Release */,
			);
			defaultConfigurationIsVisible = 0;
			defaultConfigurationName = Release;
		};
		1DEB923508733DC60010E9CD /* Build configuration list for PBXProject "CS184-Pinball" */ = {
			isa = XCConfigurationList;
			buildConfigurations = (
				1DEB923608733DC60010E9CD /* Debug */,
				1DEB923708733DC60010E9CD /* Release */,
			);
			defaultConfigurationIsVisible = 0;
			defaultConfigurationName = Release;
		};
/* End XCConfigurationList section */
	};
	rootObject = 08FB7793FE84155DC02AAC07 /* Project object */;
}
